// !$*UTF8*$!
{
	archiveVersion = 1;
	classes = {
	};
	objectVersion = 48;
	objects = {

/* Begin PBXBuildFile section */
		50F311A97C6936EE6F0CFD9B /* Pods_Unions_App.framework in Frameworks */ = {isa = PBXBuildFile; fileRef = 8F6039303CE48DDDF2525B8E /* Pods_Unions_App.framework */; };
		DC5969512070CA270004D897 /* AccountKit.framework in Frameworks */ = {isa = PBXBuildFile; fileRef = DC5969502070CA260004D897 /* AccountKit.framework */; };
		DC7B8C452072596500C35B5C /* UserFinalData.swift in Sources */ = {isa = PBXBuildFile; fileRef = DC7B8C442072596500C35B5C /* UserFinalData.swift */; };
		DCC101AE2070BC41004AFAFD /* AppDelegate.swift in Sources */ = {isa = PBXBuildFile; fileRef = DCC101AD2070BC41004AFAFD /* AppDelegate.swift */; };
		DCC101B02070BC41004AFAFD /* ViewController.swift in Sources */ = {isa = PBXBuildFile; fileRef = DCC101AF2070BC41004AFAFD /* ViewController.swift */; };
		DCC101B32070BC41004AFAFD /* Main.storyboard in Resources */ = {isa = PBXBuildFile; fileRef = DCC101B12070BC41004AFAFD /* Main.storyboard */; };
		DCC101B82070BC41004AFAFD /* Assets.xcassets in Resources */ = {isa = PBXBuildFile; fileRef = DCC101B72070BC41004AFAFD /* Assets.xcassets */; };
		DCC101BB2070BC41004AFAFD /* LaunchScreen.storyboard in Resources */ = {isa = PBXBuildFile; fileRef = DCC101B92070BC41004AFAFD /* LaunchScreen.storyboard */; };
		DCC101C32070BC83004AFAFD /* LoginViewController.swift in Sources */ = {isa = PBXBuildFile; fileRef = DCC101C22070BC83004AFAFD /* LoginViewController.swift */; };
/* End PBXBuildFile section */

/* Begin PBXFileReference section */
		2DEAF805F4DF73ED9B70AC40 /* Pods-Unions App.debug.xcconfig */ = {isa = PBXFileReference; includeInIndex = 1; lastKnownFileType = text.xcconfig; name = "Pods-Unions App.debug.xcconfig"; path = "Pods/Target Support Files/Pods-Unions App/Pods-Unions App.debug.xcconfig"; sourceTree = "<group>"; };
		8F6039303CE48DDDF2525B8E /* Pods_Unions_App.framework */ = {isa = PBXFileReference; explicitFileType = wrapper.framework; includeInIndex = 0; path = Pods_Unions_App.framework; sourceTree = BUILT_PRODUCTS_DIR; };
		D2BBEA856A45808187DA9ABB /* Pods-Unions App.release.xcconfig */ = {isa = PBXFileReference; includeInIndex = 1; lastKnownFileType = text.xcconfig; name = "Pods-Unions App.release.xcconfig"; path = "Pods/Target Support Files/Pods-Unions App/Pods-Unions App.release.xcconfig"; sourceTree = "<group>"; };
		DC5969502070CA260004D897 /* AccountKit.framework */ = {isa = PBXFileReference; lastKnownFileType = wrapper.framework; name = AccountKit.framework; path = "../../../Downloads/FacebookSDKs-iOS-4.31 2.1/AccountKit.framework"; sourceTree = "<group>"; };
		DC7B8C442072596500C35B5C /* UserFinalData.swift */ = {isa = PBXFileReference; lastKnownFileType = sourcecode.swift; path = UserFinalData.swift; sourceTree = "<group>"; };
		DCC101AA2070BC41004AFAFD /* Unions App.app */ = {isa = PBXFileReference; explicitFileType = wrapper.application; includeInIndex = 0; path = "Unions App.app"; sourceTree = BUILT_PRODUCTS_DIR; };
		DCC101AD2070BC41004AFAFD /* AppDelegate.swift */ = {isa = PBXFileReference; lastKnownFileType = sourcecode.swift; path = AppDelegate.swift; sourceTree = "<group>"; };
		DCC101AF2070BC41004AFAFD /* ViewController.swift */ = {isa = PBXFileReference; lastKnownFileType = sourcecode.swift; path = ViewController.swift; sourceTree = "<group>"; };
		DCC101B22070BC41004AFAFD /* Base */ = {isa = PBXFileReference; lastKnownFileType = file.storyboard; name = Base; path = Base.lproj/Main.storyboard; sourceTree = "<group>"; };
		DCC101B72070BC41004AFAFD /* Assets.xcassets */ = {isa = PBXFileReference; lastKnownFileType = folder.assetcatalog; path = Assets.xcassets; sourceTree = "<group>"; };
		DCC101BA2070BC41004AFAFD /* Base */ = {isa = PBXFileReference; lastKnownFileType = file.storyboard; name = Base; path = Base.lproj/LaunchScreen.storyboard; sourceTree = "<group>"; };
		DCC101BC2070BC41004AFAFD /* Info.plist */ = {isa = PBXFileReference; lastKnownFileType = text.plist.xml; path = Info.plist; sourceTree = "<group>"; };
		DCC101C22070BC83004AFAFD /* LoginViewController.swift */ = {isa = PBXFileReference; lastKnownFileType = sourcecode.swift; path = LoginViewController.swift; sourceTree = "<group>"; };
/* End PBXFileReference section */

/* Begin PBXFrameworksBuildPhase section */
		DCC101A72070BC41004AFAFD /* Frameworks */ = {
			isa = PBXFrameworksBuildPhase;
			buildActionMask = 2147483647;
			files = (
				50F311A97C6936EE6F0CFD9B /* Pods_Unions_App.framework in Frameworks */,
				DC5969512070CA270004D897 /* AccountKit.framework in Frameworks */,
			);
			runOnlyForDeploymentPostprocessing = 0;
		};
/* End PBXFrameworksBuildPhase section */

/* Begin PBXGroup section */
		6FB9DB8AA285CFB9B5651D62 /* Pods */ = {
			isa = PBXGroup;
			children = (
				2DEAF805F4DF73ED9B70AC40 /* Pods-Unions App.debug.xcconfig */,
				D2BBEA856A45808187DA9ABB /* Pods-Unions App.release.xcconfig */,
			);
			name = Pods;
			sourceTree = "<group>";
		};
		DCC101A12070BC41004AFAFD = {
			isa = PBXGroup;
			children = (
				DCC101AC2070BC41004AFAFD /* Unions App */,
				DCC101AB2070BC41004AFAFD /* Products */,
				6FB9DB8AA285CFB9B5651D62 /* Pods */,
				F76CC400AFFD76366D3F23AC /* Frameworks */,
			);
			sourceTree = "<group>";
		};
		DCC101AB2070BC41004AFAFD /* Products */ = {
			isa = PBXGroup;
			children = (
				DCC101AA2070BC41004AFAFD /* Unions App.app */,
			);
			name = Products;
			sourceTree = "<group>";
		};
		DCC101AC2070BC41004AFAFD /* Unions App */ = {
			isa = PBXGroup;
			children = (
				DC5969502070CA260004D897 /* AccountKit.framework */,
				DCC101AD2070BC41004AFAFD /* AppDelegate.swift */,
				DCC101C22070BC83004AFAFD /* LoginViewController.swift */,
				DCC101AF2070BC41004AFAFD /* ViewController.swift */,
				DC7B8C442072596500C35B5C /* UserFinalData.swift */,
				DCC101B12070BC41004AFAFD /* Main.storyboard */,
				DCC101B72070BC41004AFAFD /* Assets.xcassets */,
				DCC101B92070BC41004AFAFD /* LaunchScreen.storyboard */,
				DCC101BC2070BC41004AFAFD /* Info.plist */,
			);
			path = "Unions App";
			sourceTree = "<group>";
		};
		F76CC400AFFD76366D3F23AC /* Frameworks */ = {
			isa = PBXGroup;
			children = (
				8F6039303CE48DDDF2525B8E /* Pods_Unions_App.framework */,
			);
			name = Frameworks;
			sourceTree = "<group>";
		};
/* End PBXGroup section */

/* Begin PBXNativeTarget section */
		DCC101A92070BC41004AFAFD /* Unions App */ = {
			isa = PBXNativeTarget;
			buildConfigurationList = DCC101BF2070BC41004AFAFD /* Build configuration list for PBXNativeTarget "Unions App" */;
			buildPhases = (
				6D4C0C78E20E766D609D661B /* [CP] Check Pods Manifest.lock */,
				DCC101A62070BC41004AFAFD /* Sources */,
				DCC101A72070BC41004AFAFD /* Frameworks */,
				DCC101A82070BC41004AFAFD /* Resources */,
				B472059DADEAE71FD9D528AA /* [CP] Embed Pods Frameworks */,
				3D950C5DC3931A11278CB7A8 /* [CP] Copy Pods Resources */,
			);
			buildRules = (
			);
			dependencies = (
			);
			name = "Unions App";
			productName = "Unions App";
			productReference = DCC101AA2070BC41004AFAFD /* Unions App.app */;
			productType = "com.apple.product-type.application";
		};
/* End PBXNativeTarget section */

/* Begin PBXProject section */
		DCC101A22070BC41004AFAFD /* Project object */ = {
			isa = PBXProject;
			attributes = {
				LastSwiftUpdateCheck = 0920;
				LastUpgradeCheck = 0920;
				ORGANIZATIONNAME = "Hitendra Dubey";
				TargetAttributes = {
					DCC101A92070BC41004AFAFD = {
						CreatedOnToolsVersion = 9.2;
						ProvisioningStyle = Automatic;
					};
				};
			};
			buildConfigurationList = DCC101A52070BC41004AFAFD /* Build configuration list for PBXProject "Unions App" */;
			compatibilityVersion = "Xcode 8.0";
			developmentRegion = en;
			hasScannedForEncodings = 0;
			knownRegions = (
				en,
				Base,
			);
			mainGroup = DCC101A12070BC41004AFAFD;
			productRefGroup = DCC101AB2070BC41004AFAFD /* Products */;
			projectDirPath = "";
			projectRoot = "";
			targets = (
				DCC101A92070BC41004AFAFD /* Unions App */,
			);
		};
/* End PBXProject section */

/* Begin PBXResourcesBuildPhase section */
		DCC101A82070BC41004AFAFD /* Resources */ = {
			isa = PBXResourcesBuildPhase;
			buildActionMask = 2147483647;
			files = (
				DCC101BB2070BC41004AFAFD /* LaunchScreen.storyboard in Resources */,
				DCC101B82070BC41004AFAFD /* Assets.xcassets in Resources */,
				DCC101B32070BC41004AFAFD /* Main.storyboard in Resources */,
			);
			runOnlyForDeploymentPostprocessing = 0;
		};
/* End PBXResourcesBuildPhase section */

/* Begin PBXShellScriptBuildPhase section */
		3D950C5DC3931A11278CB7A8 /* [CP] Copy Pods Resources */ = {
			isa = PBXShellScriptBuildPhase;
			buildActionMask = 2147483647;
			files = (
			);
			inputPaths = (
				"${SRCROOT}/Pods/Target Support Files/Pods-Unions App/Pods-Unions App-resources.sh",
				"${PODS_ROOT}/AccountKit/AccountKitStrings.bundle",
			);
			name = "[CP] Copy Pods Resources";
			outputPaths = (
				"${TARGET_BUILD_DIR}/${UNLOCALIZED_RESOURCES_FOLDER_PATH}/AccountKitStrings.bundle",
			);
			runOnlyForDeploymentPostprocessing = 0;
			shellPath = /bin/sh;
			shellScript = "\"${SRCROOT}/Pods/Target Support Files/Pods-Unions App/Pods-Unions App-resources.sh\"\n";
			showEnvVarsInLog = 0;
		};
		6D4C0C78E20E766D609D661B /* [CP] Check Pods Manifest.lock */ = {
			isa = PBXShellScriptBuildPhase;
			buildActionMask = 2147483647;
			files = (
			);
			inputPaths = (
				"${PODS_PODFILE_DIR_PATH}/Podfile.lock",
				"${PODS_ROOT}/Manifest.lock",
			);
			name = "[CP] Check Pods Manifest.lock";
			outputPaths = (
				"$(DERIVED_FILE_DIR)/Pods-Unions App-checkManifestLockResult.txt",
			);
			runOnlyForDeploymentPostprocessing = 0;
			shellPath = /bin/sh;
			shellScript = "diff \"${PODS_PODFILE_DIR_PATH}/Podfile.lock\" \"${PODS_ROOT}/Manifest.lock\" > /dev/null\nif [ $? != 0 ] ; then\n    # print error to STDERR\n    echo \"error: The sandbox is not in sync with the Podfile.lock. Run 'pod install' or update your CocoaPods installation.\" >&2\n    exit 1\nfi\n# This output is used by Xcode 'outputs' to avoid re-running this script phase.\necho \"SUCCESS\" > \"${SCRIPT_OUTPUT_FILE_0}\"\n";
			showEnvVarsInLog = 0;
		};
		B472059DADEAE71FD9D528AA /* [CP] Embed Pods Frameworks */ = {
			isa = PBXShellScriptBuildPhase;
			buildActionMask = 2147483647;
			files = (
			);
			inputPaths = (
				"${SRCROOT}/Pods/Target Support Files/Pods-Unions App/Pods-Unions App-frameworks.sh",
				"${BUILT_PRODUCTS_DIR}/Realm/Realm.framework",
				"${BUILT_PRODUCTS_DIR}/RealmSwift/RealmSwift.framework",
			);
			name = "[CP] Embed Pods Frameworks";
			outputPaths = (
				"${TARGET_BUILD_DIR}/${FRAMEWORKS_FOLDER_PATH}/Realm.framework",
				"${TARGET_BUILD_DIR}/${FRAMEWORKS_FOLDER_PATH}/RealmSwift.framework",
			);
			runOnlyForDeploymentPostprocessing = 0;
			shellPath = /bin/sh;
			shellScript = "\"${SRCROOT}/Pods/Target Support Files/Pods-Unions App/Pods-Unions App-frameworks.sh\"\n";
			showEnvVarsInLog = 0;
		};
/* End PBXShellScriptBuildPhase section */

/* Begin PBXSourcesBuildPhase section */
		DCC101A62070BC41004AFAFD /* Sources */ = {
			isa = PBXSourcesBuildPhase;
			buildActionMask = 2147483647;
			files = (
				DCC101C32070BC83004AFAFD /* LoginViewController.swift in Sources */,
				DC7B8C452072596500C35B5C /* UserFinalData.swift in Sources */,
				DCC101B02070BC41004AFAFD /* ViewController.swift in Sources */,
				DCC101AE2070BC41004AFAFD /* AppDelegate.swift in Sources */,
			);
			runOnlyForDeploymentPostprocessing = 0;
		};
/* End PBXSourcesBuildPhase section */

/* Begin PBXVariantGroup section */
		DCC101B12070BC41004AFAFD /* Main.storyboard */ = {
			isa = PBXVariantGroup;
			children = (
				DCC101B22070BC41004AFAFD /* Base */,
			);
			name = Main.storyboard;
			sourceTree = "<group>";
		};
		DCC101B92070BC41004AFAFD /* LaunchScreen.storyboard */ = {
			isa = PBXVariantGroup;
			children = (
				DCC101BA2070BC41004AFAFD /* Base */,
			);
			name = LaunchScreen.storyboard;
			sourceTree = "<group>";
		};
/* End PBXVariantGroup section */

/* Begin XCBuildConfiguration section */
		DCC101BD2070BC41004AFAFD /* Debug */ = {
			isa = XCBuildConfiguration;
			buildSettings = {
				ALWAYS_SEARCH_USER_PATHS = NO;
				CLANG_ANALYZER_NONNULL = YES;
				CLANG_ANALYZER_NUMBER_OBJECT_CONVERSION = YES_AGGRESSIVE;
				CLANG_CXX_LANGUAGE_STANDARD = "gnu++14";
				CLANG_CXX_LIBRARY = "libc++";
				CLANG_ENABLE_MODULES = YES;
				CLANG_ENABLE_OBJC_ARC = YES;
				CLANG_WARN_BLOCK_CAPTURE_AUTORELEASING = YES;
				CLANG_WARN_BOOL_CONVERSION = YES;
				CLANG_WARN_COMMA = YES;
				CLANG_WARN_CONSTANT_CONVERSION = YES;
				CLANG_WARN_DIRECT_OBJC_ISA_USAGE = YES_ERROR;
				CLANG_WARN_DOCUMENTATION_COMMENTS = YES;
				CLANG_WARN_EMPTY_BODY = YES;
				CLANG_WARN_ENUM_CONVERSION = YES;
				CLANG_WARN_INFINITE_RECURSION = YES;
				CLANG_WARN_INT_CONVERSION = YES;
				CLANG_WARN_NON_LITERAL_NULL_CONVERSION = YES;
				CLANG_WARN_OBJC_LITERAL_CONVERSION = YES;
				CLANG_WARN_OBJC_ROOT_CLASS = YES_ERROR;
				CLANG_WARN_RANGE_LOOP_ANALYSIS = YES;
				CLANG_WARN_STRICT_PROTOTYPES = YES;
				CLANG_WARN_SUSPICIOUS_MOVE = YES;
				CLANG_WARN_UNGUARDED_AVAILABILITY = YES_AGGRESSIVE;
				CLANG_WARN_UNREACHABLE_CODE = YES;
				CLANG_WARN__DUPLICATE_METHOD_MATCH = YES;
				CODE_SIGN_IDENTITY = "iPhone Developer";
				COPY_PHASE_STRIP = NO;
				DEBUG_INFORMATION_FORMAT = dwarf;
				ENABLE_STRICT_OBJC_MSGSEND = YES;
				ENABLE_TESTABILITY = YES;
				GCC_C_LANGUAGE_STANDARD = gnu11;
				GCC_DYNAMIC_NO_PIC = NO;
				GCC_NO_COMMON_BLOCKS = YES;
				GCC_OPTIMIZATION_LEVEL = 0;
				GCC_PREPROCESSOR_DEFINITIONS = (
					"DEBUG=1",
					"$(inherited)",
				);
				GCC_WARN_64_TO_32_BIT_CONVERSION = YES;
				GCC_WARN_ABOUT_RETURN_TYPE = YES_ERROR;
				GCC_WARN_UNDECLARED_SELECTOR = YES;
				GCC_WARN_UNINITIALIZED_AUTOS = YES_AGGRESSIVE;
				GCC_WARN_UNUSED_FUNCTION = YES;
				GCC_WARN_UNUSED_VARIABLE = YES;
				IPHONEOS_DEPLOYMENT_TARGET = 11.2;
				MTL_ENABLE_DEBUG_INFO = YES;
				ONLY_ACTIVE_ARCH = YES;
				SDKROOT = iphoneos;
				SWIFT_ACTIVE_COMPILATION_CONDITIONS = DEBUG;
				SWIFT_OPTIMIZATION_LEVEL = "-Onone";
			};
			name = Debug;
		};
		DCC101BE2070BC41004AFAFD /* Release */ = {
			isa = XCBuildConfiguration;
			buildSettings = {
				ALWAYS_SEARCH_USER_PATHS = NO;
				CLANG_ANALYZER_NONNULL = YES;
				CLANG_ANALYZER_NUMBER_OBJECT_CONVERSION = YES_AGGRESSIVE;
				CLANG_CXX_LANGUAGE_STANDARD = "gnu++14";
				CLANG_CXX_LIBRARY = "libc++";
				CLANG_ENABLE_MODULES = YES;
				CLANG_ENABLE_OBJC_ARC = YES;
				CLANG_WARN_BLOCK_CAPTURE_AUTORELEASING = YES;
				CLANG_WARN_BOOL_CONVERSION = YES;
				CLANG_WARN_COMMA = YES;
				CLANG_WARN_CONSTANT_CONVERSION = YES;
				CLANG_WARN_DIRECT_OBJC_ISA_USAGE = YES_ERROR;
				CLANG_WARN_DOCUMENTATION_COMMENTS = YES;
				CLANG_WARN_EMPTY_BODY = YES;
				CLANG_WARN_ENUM_CONVERSION = YES;
				CLANG_WARN_INFINITE_RECURSION = YES;
				CLANG_WARN_INT_CONVERSION = YES;
				CLANG_WARN_NON_LITERAL_NULL_CONVERSION = YES;
				CLANG_WARN_OBJC_LITERAL_CONVERSION = YES;
				CLANG_WARN_OBJC_ROOT_CLASS = YES_ERROR;
				CLANG_WARN_RANGE_LOOP_ANALYSIS = YES;
				CLANG_WARN_STRICT_PROTOTYPES = YES;
				CLANG_WARN_SUSPICIOUS_MOVE = YES;
				CLANG_WARN_UNGUARDED_AVAILABILITY = YES_AGGRESSIVE;
				CLANG_WARN_UNREACHABLE_CODE = YES;
				CLANG_WARN__DUPLICATE_METHOD_MATCH = YES;
				CODE_SIGN_IDENTITY = "iPhone Developer";
				COPY_PHASE_STRIP = NO;
				DEBUG_INFORMATION_FORMAT = "dwarf-with-dsym";
				ENABLE_NS_ASSERTIONS = NO;
				ENABLE_STRICT_OBJC_MSGSEND = YES;
				GCC_C_LANGUAGE_STANDARD = gnu11;
				GCC_NO_COMMON_BLOCKS = YES;
				GCC_WARN_64_TO_32_BIT_CONVERSION = YES;
				GCC_WARN_ABOUT_RETURN_TYPE = YES_ERROR;
				GCC_WARN_UNDECLARED_SELECTOR = YES;
				GCC_WARN_UNINITIALIZED_AUTOS = YES_AGGRESSIVE;
				GCC_WARN_UNUSED_FUNCTION = YES;
				GCC_WARN_UNUSED_VARIABLE = YES;
				IPHONEOS_DEPLOYMENT_TARGET = 11.2;
				MTL_ENABLE_DEBUG_INFO = NO;
				SDKROOT = iphoneos;
				SWIFT_OPTIMIZATION_LEVEL = "-Owholemodule";
				VALIDATE_PRODUCT = YES;
			};
			name = Release;
		};
		DCC101C02070BC41004AFAFD /* Debug */ = {
			isa = XCBuildConfiguration;
			baseConfigurationReference = 2DEAF805F4DF73ED9B70AC40 /* Pods-Unions App.debug.xcconfig */;
			buildSettings = {
				ASSETCATALOG_COMPILER_APPICON_NAME = AppIcon;
				CODE_SIGN_STYLE = Automatic;
				DEVELOPMENT_TEAM = CEW3L75JU4;
				INFOPLIST_FILE = "Unions App/Info.plist";
				LD_RUNPATH_SEARCH_PATHS = "$(inherited) @executable_path/Frameworks";
				PRODUCT_BUNDLE_IDENTIFIER = "com.Hitendradubey.Unions-App";
				PRODUCT_NAME = "$(TARGET_NAME)";
				SWIFT_VERSION = 4.0;
				TARGETED_DEVICE_FAMILY = "1,2";
			};
			name = Debug;
		};
		DCC101C12070BC41004AFAFD /* Release */ = {
			isa = XCBuildConfiguration;
			baseConfigurationReference = D2BBEA856A45808187DA9ABB /* Pods-Unions App.release.xcconfig */;
			buildSettings = {
				ASSETCATALOG_COMPILER_APPICON_NAME = AppIcon;
				CODE_SIGN_STYLE = Automatic;
				DEVELOPMENT_TEAM = CEW3L75JU4;
				INFOPLIST_FILE = "Unions App/Info.plist";
				LD_RUNPATH_SEARCH_PATHS = "$(inherited) @executable_path/Frameworks";
				PRODUCT_BUNDLE_IDENTIFIER = "com.Hitendradubey.Unions-App";
				PRODUCT_NAME = "$(TARGET_NAME)";
				SWIFT_VERSION = 4.0;
				TARGETED_DEVICE_FAMILY = "1,2";
			};
			name = Release;
		};
/* End XCBuildConfiguration section */

/* Begin XCConfigurationList section */
		DCC101A52070BC41004AFAFD /* Build configuration list for PBXProject "Unions App" */ = {
			isa = XCConfigurationList;
			buildConfigurations = (
				DCC101BD2070BC41004AFAFD /* Debug */,
				DCC101BE2070BC41004AFAFD /* Release */,
			);
			defaultConfigurationIsVisible = 0;
			defaultConfigurationName = Release;
		};
		DCC101BF2070BC41004AFAFD /* Build configuration list for PBXNativeTarget "Unions App" */ = {
			isa = XCConfigurationList;
			buildConfigurations = (
				DCC101C02070BC41004AFAFD /* Debug */,
				DCC101C12070BC41004AFAFD /* Release */,
			);
			defaultConfigurationIsVisible = 0;
			defaultConfigurationName = Release;
		};
/* End XCConfigurationList section */
	};
	rootObject = DCC101A22070BC41004AFAFD /* Project object */;
}
